
Microsoft Visual Studio Solution File, Format Version 12.00
# Visual Studio Version 17
VisualStudioVersion = 17.3.32825.248
MinimumVisualStudioVersion = 10.0.40219.1
Project("{FAE04EC0-301F-11D3-BF4B-00C04F79EFBC}") = "Myfirstapp", "Myfirstapp\Myfirstapp.csproj", "{FDAAD32D-30CA-4DD6-8588-8322F1F02778}"
EndProject
Global
	GlobalSection(SolutionConfigurationPlatforms) = preSolution
		Debug|Any CPU = Debug|Any CPU
		Release|Any CPU = Release|Any CPU
	EndGlobalSection
	GlobalSection(ProjectConfigurationPlatforms) = postSolution
		{FDAAD32D-30CA-4DD6-8588-8322F1F02778}.Debug|Any CPU.ActiveCfg = Debug|Any CPU
		{FDAAD32D-30CA-4DD6-8588-8322F1F02778}.Debug|Any CPU.Build.0 = Debug|Any CPU
		{FDAAD32D-30CA-4DD6-8588-8322F1F02778}.Release|Any CPU.ActiveCfg = Release|Any CPU
		{FDAAD32D-30CA-4DD6-8588-8322F1F02778}.Release|Any CPU.Build.0 = Release|Any CPU
	EndGlobalSection
	GlobalSection(SolutionProperties) = preSolution
		HideSolutionNode = FALSE
	EndGlobalSection
	GlobalSection(ExtensibilityGlobals) = postSolution
		SolutionGuid = {9296674C-4748-4765-85A8-D07143CCF1D2}
	EndGlobalSection
EndGlobal
